
Microsoft Visual Studio Solution File, Format Version 12.00
# Visual Studio Version 16
VisualStudioVersion = 16.0.32228.343
MinimumVisualStudioVersion = 10.0.40219.1
Project("{FAE04EC0-301F-11D3-BF4B-00C04F79EFBC}") = "CopyGroupPlugin", "CopyGroupPlugin\CopyGroupPlugin.csproj", "{0C14D4DF-5ABA-4CF6-9A3B-564FD32A4ADA}"
EndProject
Global
	GlobalSection(SolutionConfigurationPlatforms) = preSolution
		Debug|Any CPU = Debug|Any CPU
		Release|Any CPU = Release|Any CPU
	EndGlobalSection
	GlobalSection(ProjectConfigurationPlatforms) = postSolution
		{0C14D4DF-5ABA-4CF6-9A3B-564FD32A4ADA}.Debug|Any CPU.ActiveCfg = Debug|Any CPU
		{0C14D4DF-5ABA-4CF6-9A3B-564FD32A4ADA}.Debug|Any CPU.Build.0 = Debug|Any CPU
		{0C14D4DF-5ABA-4CF6-9A3B-564FD32A4ADA}.Release|Any CPU.ActiveCfg = Release|Any CPU
		{0C14D4DF-5ABA-4CF6-9A3B-564FD32A4ADA}.Release|Any CPU.Build.0 = Release|Any CPU
	EndGlobalSection
	GlobalSection(SolutionProperties) = preSolution
		HideSolutionNode = FALSE
	EndGlobalSection
	GlobalSection(ExtensibilityGlobals) = postSolution
		SolutionGuid = {6863C88B-ECA9-433D-9C05-CE8650877662}
	EndGlobalSection
EndGlobal
